
Microsoft Visual Studio Solution File, Format Version 12.00
# Visual Studio Version 17
VisualStudioVersion = 17.4.33015.44
MinimumVisualStudioVersion = 10.0.40219.1
Project("{9A19103F-16F7-4668-BE54-9A1E7A4F7556}") = "xdds", "xdds.csproj", "{19A42491-69CF-445D-993A-7B30A6FE3539}"
EndProject
Global
	GlobalSection(SolutionConfigurationPlatforms) = preSolution
		Debug|Any CPU = Debug|Any CPU
		Release|Any CPU = Release|Any CPU
	EndGlobalSection
	GlobalSection(ProjectConfigurationPlatforms) = postSolution
		{19A42491-69CF-445D-993A-7B30A6FE3539}.Debug|Any CPU.ActiveCfg = Debug|Any CPU
		{19A42491-69CF-445D-993A-7B30A6FE3539}.Debug|Any CPU.Build.0 = Debug|Any CPU
		{19A42491-69CF-445D-993A-7B30A6FE3539}.Release|Any CPU.ActiveCfg = Release|Any CPU
		{19A42491-69CF-445D-993A-7B30A6FE3539}.Release|Any CPU.Build.0 = Release|Any CPU
	EndGlobalSection
	GlobalSection(SolutionProperties) = preSolution
		HideSolutionNode = FALSE
	EndGlobalSection
	GlobalSection(ExtensibilityGlobals) = postSolution
		SolutionGuid = {73C1F7A2-2B16-4F12-B4BF-1714F0781C6B}
	EndGlobalSection
EndGlobal
